PODS:
  - Flutter (1.0.0)
  - FlutterPluginRegistrant (0.0.1):
    - Flutter
  - my_flutter_offshore (0.0.1):
    - Flutter

DEPENDENCIES:
  - Flutter (from `Pods/my_flutter_offshore/.ios/Flutter/engine`)
  - FlutterPluginRegistrant (from `Pods/my_flutter_offshore/.ios/Flutter/FlutterPluginRegistrant`)
  - my_flutter_offshore (from `Pods/my_flutter_offshore/.ios/Flutter`)

EXTERNAL SOURCES:
  Flutter:
    :path: Pods/my_flutter_offshore/.ios/Flutter/engine
  FlutterPluginRegistrant:
    :path: Pods/my_flutter_offshore/.ios/Flutter/FlutterPluginRegistrant
  my_flutter_offshore:
    :path: Pods/my_flutter_offshore/.ios/Flutter

SPEC CHECKSUMS:
  Flutter: bdfa2e8fe0e2880a2c6a58a0b1a8675c262a07af
  FlutterPluginRegistrant: d3a0fbc12bc47787a12fcc919193f3959aa7d5ad
  my_flutter_offshore: ed0d4d688bbb463f34d459fcdb9475daa2211ab0

PODFILE CHECKSUM: ee3ba6ee5b53aff0dcef23c5a3f3f6c96c9bebf6

COCOAPODS: 1.11.3
